<Solution>
  <Folder Name="/src/">
    <Project Path="src/MinimalEndpoints/MinimalEndpoints.csproj" />
    <Project Path="src/MinimalEndpoints.Testing/MinimalEndpoints.Testing.csproj" />
    <Project Path="src/MinimalEndpoints.OpenApi/MinimalEndpoints.OpenApi.csproj" />
    <Project Path="src/MinimalEndpoints.Generator/MinimalEndpoints.Generator.csproj" />
  </Folder>
  <Folder Name="/samples/">
    <Project Path="samples/Aot/Aot.csproj" />
    <Project Path="samples/Minimal/Minimal.csproj" />
    <Project Path="samples/PluginHost/Contracts/PluginHost.Contracts.csproj" />
    <Project Path="samples/PluginHost/Plugin/PluginHost.Plugin.csproj" />
    <Project Path="samples/PluginHost/Host/PluginHost.Host.csproj" />
  </Folder>
  <Folder Name="/benchmarks/">
    <Project Path="benchmarks/MinimalEndpoints.Benchmarks/MinimalEndpoints.Benchmarks.csproj" />
  </Folder>
  <Folder Name="/tests/">
    <Project Path="tests/MinimalEndpoints.Tests/MinimalEndpoints.Tests.csproj" />
  </Folder>
</Solution>
